// !$*UTF8*$!
{
	archiveVersion = 1;
	classes = {
	};
	objectVersion = 55;
	objects = {

/* Begin PBXBuildFile section */
		966B874327E9E5D500C53D66 /* AppDelegate.swift in Sources */ = {isa = PBXBuildFile; fileRef = 966B874227E9E5D500C53D66 /* AppDelegate.swift */; };
		966B874527E9E5D500C53D66 /* SceneDelegate.swift in Sources */ = {isa = PBXBuildFile; fileRef = 966B874427E9E5D500C53D66 /* SceneDelegate.swift */; };
		966B874727E9E5D500C53D66 /* ViewController.swift in Sources */ = {isa = PBXBuildFile; fileRef = 966B874627E9E5D500C53D66 /* ViewController.swift */; };
		966B874A27E9E5D500C53D66 /* Main.storyboard in Resources */ = {isa = PBXBuildFile; fileRef = 966B874827E9E5D500C53D66 /* Main.storyboard */; };
		966B874C27E9E5DE00C53D66 /* Assets.xcassets in Resources */ = {isa = PBXBuildFile; fileRef = 966B874B27E9E5DE00C53D66 /* Assets.xcassets */; };
		966B874F27E9E5DE00C53D66 /* LaunchScreen.storyboard in Resources */ = {isa = PBXBuildFile; fileRef = 966B874D27E9E5DE00C53D66 /* LaunchScreen.storyboard */; };
		966B875927E9E73700C53D66 /* Queries.graphql in Resources */ = {isa = PBXBuildFile; fileRef = 966B875727E9E73700C53D66 /* Queries.graphql */; };
		966B875A27E9E73700C53D66 /* API.swift in Sources */ = {isa = PBXBuildFile; fileRef = 966B875827E9E73700C53D66 /* API.swift */; };
		966B875F27E9E74800C53D66 /* GraphQLNetworkManager.swift in Sources */ = {isa = PBXBuildFile; fileRef = 966B875C27E9E74800C53D66 /* GraphQLNetworkManager.swift */; };
		966B876027E9E74800C53D66 /* PromiscuousURLSessionClient.swift in Sources */ = {isa = PBXBuildFile; fileRef = 966B875D27E9E74800C53D66 /* PromiscuousURLSessionClient.swift */; };
		966B876127E9E74800C53D66 /* Data+Extension.swift in Sources */ = {isa = PBXBuildFile; fileRef = 966B875E27E9E74800C53D66 /* Data+Extension.swift */; };
		966B878127EA3D3800C53D66 /* Apollo in Frameworks */ = {isa = PBXBuildFile; productRef = 966B878027EA3D3800C53D66 /* Apollo */; };
		966B878327EA3D3800C53D66 /* ApolloAPI in Frameworks */ = {isa = PBXBuildFile; productRef = 966B878227EA3D3800C53D66 /* ApolloAPI */; };
		966B878527EA3D3800C53D66 /* ApolloCodegenLib in Frameworks */ = {isa = PBXBuildFile; productRef = 966B878427EA3D3800C53D66 /* ApolloCodegenLib */; };
		966B878727EA3D3800C53D66 /* ApolloSQLite in Frameworks */ = {isa = PBXBuildFile; productRef = 966B878627EA3D3800C53D66 /* ApolloSQLite */; };
		966B878927EA3D3800C53D66 /* ApolloUtils in Frameworks */ = {isa = PBXBuildFile; productRef = 966B878827EA3D3800C53D66 /* ApolloUtils */; };
		966B878B27EA3D3800C53D66 /* ApolloWebSocket in Frameworks */ = {isa = PBXBuildFile; productRef = 966B878A27EA3D3800C53D66 /* ApolloWebSocket */; };
/* End PBXBuildFile section */

/* Begin PBXFileReference section */
		966B873F27E9E5D500C53D66 /* GraphQLMultiUrl.app */ = {isa = PBXFileReference; explicitFileType = wrapper.application; includeInIndex = 0; path = GraphQLMultiUrl.app; sourceTree = BUILT_PRODUCTS_DIR; };
		966B874227E9E5D500C53D66 /* AppDelegate.swift */ = {isa = PBXFileReference; lastKnownFileType = sourcecode.swift; path = AppDelegate.swift; sourceTree = "<group>"; };
		966B874427E9E5D500C53D66 /* SceneDelegate.swift */ = {isa = PBXFileReference; lastKnownFileType = sourcecode.swift; path = SceneDelegate.swift; sourceTree = "<group>"; };
		966B874627E9E5D500C53D66 /* ViewController.swift */ = {isa = PBXFileReference; lastKnownFileType = sourcecode.swift; path = ViewController.swift; sourceTree = "<group>"; };
		966B874927E9E5D500C53D66 /* Base */ = {isa = PBXFileReference; lastKnownFileType = file.storyboard; name = Base; path = Base.lproj/Main.storyboard; sourceTree = "<group>"; };
		966B874B27E9E5DE00C53D66 /* Assets.xcassets */ = {isa = PBXFileReference; lastKnownFileType = folder.assetcatalog; path = Assets.xcassets; sourceTree = "<group>"; };
		966B874E27E9E5DE00C53D66 /* Base */ = {isa = PBXFileReference; lastKnownFileType = file.storyboard; name = Base; path = Base.lproj/LaunchScreen.storyboard; sourceTree = "<group>"; };
		966B875027E9E5DE00C53D66 /* Info.plist */ = {isa = PBXFileReference; lastKnownFileType = text.plist.xml; path = Info.plist; sourceTree = "<group>"; };
		966B875727E9E73700C53D66 /* Queries.graphql */ = {isa = PBXFileReference; fileEncoding = 4; lastKnownFileType = text; path = Queries.graphql; sourceTree = "<group>"; };
		966B875827E9E73700C53D66 /* API.swift */ = {isa = PBXFileReference; fileEncoding = 4; lastKnownFileType = sourcecode.swift; path = API.swift; sourceTree = "<group>"; };
		966B875C27E9E74800C53D66 /* GraphQLNetworkManager.swift */ = {isa = PBXFileReference; fileEncoding = 4; lastKnownFileType = sourcecode.swift; path = GraphQLNetworkManager.swift; sourceTree = "<group>"; };
		966B875D27E9E74800C53D66 /* PromiscuousURLSessionClient.swift */ = {isa = PBXFileReference; fileEncoding = 4; lastKnownFileType = sourcecode.swift; path = PromiscuousURLSessionClient.swift; sourceTree = "<group>"; };
		966B875E27E9E74800C53D66 /* Data+Extension.swift */ = {isa = PBXFileReference; fileEncoding = 4; lastKnownFileType = sourcecode.swift; path = "Data+Extension.swift"; sourceTree = "<group>"; };
/* End PBXFileReference section */

/* Begin PBXFrameworksBuildPhase section */
		966B873C27E9E5D500C53D66 /* Frameworks */ = {
			isa = PBXFrameworksBuildPhase;
			buildActionMask = 2147483647;
			files = (
				966B878327EA3D3800C53D66 /* ApolloAPI in Frameworks */,
				966B878B27EA3D3800C53D66 /* ApolloWebSocket in Frameworks */,
				966B878927EA3D3800C53D66 /* ApolloUtils in Frameworks */,
				966B878727EA3D3800C53D66 /* ApolloSQLite in Frameworks */,
				966B878527EA3D3800C53D66 /* ApolloCodegenLib in Frameworks */,
				966B878127EA3D3800C53D66 /* Apollo in Frameworks */,
			);
			runOnlyForDeploymentPostprocessing = 0;
		};
/* End PBXFrameworksBuildPhase section */

/* Begin PBXGroup section */
		966B873627E9E5D500C53D66 = {
			isa = PBXGroup;
			children = (
				966B874127E9E5D500C53D66 /* GraphQLMultiUrl */,
				966B874027E9E5D500C53D66 /* Products */,
			);
			sourceTree = "<group>";
		};
		966B874027E9E5D500C53D66 /* Products */ = {
			isa = PBXGroup;
			children = (
				966B873F27E9E5D500C53D66 /* GraphQLMultiUrl.app */,
			);
			name = Products;
			sourceTree = "<group>";
		};
		966B874127E9E5D500C53D66 /* GraphQLMultiUrl */ = {
			isa = PBXGroup;
			children = (
				966B874227E9E5D500C53D66 /* AppDelegate.swift */,
				966B874427E9E5D500C53D66 /* SceneDelegate.swift */,
				966B875B27E9E74800C53D66 /* GraphQLManager */,
				966B875627E9E73700C53D66 /* GraphQL */,
				966B874627E9E5D500C53D66 /* ViewController.swift */,
				966B874827E9E5D500C53D66 /* Main.storyboard */,
				966B874B27E9E5DE00C53D66 /* Assets.xcassets */,
				966B874D27E9E5DE00C53D66 /* LaunchScreen.storyboard */,
				966B875027E9E5DE00C53D66 /* Info.plist */,
			);
			path = GraphQLMultiUrl;
			sourceTree = "<group>";
		};
		966B875627E9E73700C53D66 /* GraphQL */ = {
			isa = PBXGroup;
			children = (
				966B875727E9E73700C53D66 /* Queries.graphql */,
				966B875827E9E73700C53D66 /* API.swift */,
			);
			path = GraphQL;
			sourceTree = "<group>";
		};
		966B875B27E9E74800C53D66 /* GraphQLManager */ = {
			isa = PBXGroup;
			children = (
				966B875C27E9E74800C53D66 /* GraphQLNetworkManager.swift */,
				966B875D27E9E74800C53D66 /* PromiscuousURLSessionClient.swift */,
				966B875E27E9E74800C53D66 /* Data+Extension.swift */,
			);
			path = GraphQLManager;
			sourceTree = "<group>";
		};
/* End PBXGroup section */

/* Begin PBXNativeTarget section */
		966B873E27E9E5D500C53D66 /* GraphQLMultiUrl */ = {
			isa = PBXNativeTarget;
			buildConfigurationList = 966B875327E9E5DE00C53D66 /* Build configuration list for PBXNativeTarget "GraphQLMultiUrl" */;
			buildPhases = (
				966B873B27E9E5D500C53D66 /* Sources */,
				966B873C27E9E5D500C53D66 /* Frameworks */,
				966B873D27E9E5D500C53D66 /* Resources */,
			);
			buildRules = (
			);
			dependencies = (
			);
			name = GraphQLMultiUrl;
			packageProductDependencies = (
				966B878027EA3D3800C53D66 /* Apollo */,
				966B878227EA3D3800C53D66 /* ApolloAPI */,
				966B878427EA3D3800C53D66 /* ApolloCodegenLib */,
				966B878627EA3D3800C53D66 /* ApolloSQLite */,
				966B878827EA3D3800C53D66 /* ApolloUtils */,
				966B878A27EA3D3800C53D66 /* ApolloWebSocket */,
			);
			productName = GraphQLMultiUrl;
			productReference = 966B873F27E9E5D500C53D66 /* GraphQLMultiUrl.app */;
			productType = "com.apple.product-type.application";
		};
/* End PBXNativeTarget section */

/* Begin PBXProject section */
		966B873727E9E5D500C53D66 /* Project object */ = {
			isa = PBXProject;
			attributes = {
				BuildIndependentTargetsInParallel = 1;
				LastSwiftUpdateCheck = 1320;
				LastUpgradeCheck = 1320;
				TargetAttributes = {
					966B873E27E9E5D500C53D66 = {
						CreatedOnToolsVersion = 13.2.1;
					};
				};
			};
			buildConfigurationList = 966B873A27E9E5D500C53D66 /* Build configuration list for PBXProject "GraphQLMultiUrl" */;
			compatibilityVersion = "Xcode 13.0";
			developmentRegion = en;
			hasScannedForEncodings = 0;
			knownRegions = (
				en,
				Base,
			);
			mainGroup = 966B873627E9E5D500C53D66;
			packageReferences = (
				966B877F27EA3D3800C53D66 /* XCRemoteSwiftPackageReference "apollo-ios" */,
			);
			productRefGroup = 966B874027E9E5D500C53D66 /* Products */;
			projectDirPath = "";
			projectRoot = "";
			targets = (
				966B873E27E9E5D500C53D66 /* GraphQLMultiUrl */,
			);
		};
/* End PBXProject section */

/* Begin PBXResourcesBuildPhase section */
		966B873D27E9E5D500C53D66 /* Resources */ = {
			isa = PBXResourcesBuildPhase;
			buildActionMask = 2147483647;
			files = (
				966B874F27E9E5DE00C53D66 /* LaunchScreen.storyboard in Resources */,
				966B874C27E9E5DE00C53D66 /* Assets.xcassets in Resources */,
				966B875927E9E73700C53D66 /* Queries.graphql in Resources */,
				966B874A27E9E5D500C53D66 /* Main.storyboard in Resources */,
			);
			runOnlyForDeploymentPostprocessing = 0;
		};
/* End PBXResourcesBuildPhase section */

/* Begin PBXSourcesBuildPhase section */
		966B873B27E9E5D500C53D66 /* Sources */ = {
			isa = PBXSourcesBuildPhase;
			buildActionMask = 2147483647;
			files = (
				966B874727E9E5D500C53D66 /* ViewController.swift in Sources */,
				966B876127E9E74800C53D66 /* Data+Extension.swift in Sources */,
				966B874327E9E5D500C53D66 /* AppDelegate.swift in Sources */,
				966B875A27E9E73700C53D66 /* API.swift in Sources */,
				966B876027E9E74800C53D66 /* PromiscuousURLSessionClient.swift in Sources */,
				966B874527E9E5D500C53D66 /* SceneDelegate.swift in Sources */,
				966B875F27E9E74800C53D66 /* GraphQLNetworkManager.swift in Sources */,
			);
			runOnlyForDeploymentPostprocessing = 0;
		};
/* End PBXSourcesBuildPhase section */

/* Begin PBXVariantGroup section */
		966B874827E9E5D500C53D66 /* Main.storyboard */ = {
			isa = PBXVariantGroup;
			children = (
				966B874927E9E5D500C53D66 /* Base */,
			);
			name = Main.storyboard;
			sourceTree = "<group>";
		};
		966B874D27E9E5DE00C53D66 /* LaunchScreen.storyboard */ = {
			isa = PBXVariantGroup;
			children = (
				966B874E27E9E5DE00C53D66 /* Base */,
			);
			name = LaunchScreen.storyboard;
			sourceTree = "<group>";
		};
/* End PBXVariantGroup section */

/* Begin XCBuildConfiguration section */
		966B875127E9E5DE00C53D66 /* Debug */ = {
			isa = XCBuildConfiguration;
			buildSettings = {
				ALWAYS_SEARCH_USER_PATHS = NO;
				CLANG_ANALYZER_NONNULL = YES;
				CLANG_ANALYZER_NUMBER_OBJECT_CONVERSION = YES_AGGRESSIVE;
				CLANG_CXX_LANGUAGE_STANDARD = "gnu++17";
				CLANG_CXX_LIBRARY = "libc++";
				CLANG_ENABLE_MODULES = YES;
				CLANG_ENABLE_OBJC_ARC = YES;
				CLANG_ENABLE_OBJC_WEAK = YES;
				CLANG_WARN_BLOCK_CAPTURE_AUTORELEASING = YES;
				CLANG_WARN_BOOL_CONVERSION = YES;
				CLANG_WARN_COMMA = YES;
				CLANG_WARN_CONSTANT_CONVERSION = YES;
				CLANG_WARN_DEPRECATED_OBJC_IMPLEMENTATIONS = YES;
				CLANG_WARN_DIRECT_OBJC_ISA_USAGE = YES_ERROR;
				CLANG_WARN_DOCUMENTATION_COMMENTS = YES;
				CLANG_WARN_EMPTY_BODY = YES;
				CLANG_WARN_ENUM_CONVERSION = YES;
				CLANG_WARN_INFINITE_RECURSION = YES;
				CLANG_WARN_INT_CONVERSION = YES;
				CLANG_WARN_NON_LITERAL_NULL_CONVERSION = YES;
				CLANG_WARN_OBJC_IMPLICIT_RETAIN_SELF = YES;
				CLANG_WARN_OBJC_LITERAL_CONVERSION = YES;
				CLANG_WARN_OBJC_ROOT_CLASS = YES_ERROR;
				CLANG_WARN_QUOTED_INCLUDE_IN_FRAMEWORK_HEADER = YES;
				CLANG_WARN_RANGE_LOOP_ANALYSIS = YES;
				CLANG_WARN_STRICT_PROTOTYPES = YES;
				CLANG_WARN_SUSPICIOUS_MOVE = YES;
				CLANG_WARN_UNGUARDED_AVAILABILITY = YES_AGGRESSIVE;
				CLANG_WARN_UNREACHABLE_CODE = YES;
				CLANG_WARN__DUPLICATE_METHOD_MATCH = YES;
				COPY_PHASE_STRIP = NO;
				DEBUG_INFORMATION_FORMAT = dwarf;
				ENABLE_STRICT_OBJC_MSGSEND = YES;
				ENABLE_TESTABILITY = YES;
				GCC_C_LANGUAGE_STANDARD = gnu11;
				GCC_DYNAMIC_NO_PIC = NO;
				GCC_NO_COMMON_BLOCKS = YES;
				GCC_OPTIMIZATION_LEVEL = 0;
				GCC_PREPROCESSOR_DEFINITIONS = (
					"DEBUG=1",
					"$(inherited)",
				);
				GCC_WARN_64_TO_32_BIT_CONVERSION = YES;
				GCC_WARN_ABOUT_RETURN_TYPE = YES_ERROR;
				GCC_WARN_UNDECLARED_SELECTOR = YES;
				GCC_WARN_UNINITIALIZED_AUTOS = YES_AGGRESSIVE;
				GCC_WARN_UNUSED_FUNCTION = YES;
				GCC_WARN_UNUSED_VARIABLE = YES;
				IPHONEOS_DEPLOYMENT_TARGET = 15.2;
				MTL_ENABLE_DEBUG_INFO = INCLUDE_SOURCE;
				MTL_FAST_MATH = YES;
				ONLY_ACTIVE_ARCH = YES;
				SDKROOT = iphoneos;
				SWIFT_ACTIVE_COMPILATION_CONDITIONS = DEBUG;
				SWIFT_OPTIMIZATION_LEVEL = "-Onone";
			};
			name = Debug;
		};
		966B875227E9E5DE00C53D66 /* Release */ = {
			isa = XCBuildConfiguration;
			buildSettings = {
				ALWAYS_SEARCH_USER_PATHS = NO;
				CLANG_ANALYZER_NONNULL = YES;
				CLANG_ANALYZER_NUMBER_OBJECT_CONVERSION = YES_AGGRESSIVE;
				CLANG_CXX_LANGUAGE_STANDARD = "gnu++17";
				CLANG_CXX_LIBRARY = "libc++";
				CLANG_ENABLE_MODULES = YES;
				CLANG_ENABLE_OBJC_ARC = YES;
				CLANG_ENABLE_OBJC_WEAK = YES;
				CLANG_WARN_BLOCK_CAPTURE_AUTORELEASING = YES;
				CLANG_WARN_BOOL_CONVERSION = YES;
				CLANG_WARN_COMMA = YES;
				CLANG_WARN_CONSTANT_CONVERSION = YES;
				CLANG_WARN_DEPRECATED_OBJC_IMPLEMENTATIONS = YES;
				CLANG_WARN_DIRECT_OBJC_ISA_USAGE = YES_ERROR;
				CLANG_WARN_DOCUMENTATION_COMMENTS = YES;
				CLANG_WARN_EMPTY_BODY = YES;
				CLANG_WARN_ENUM_CONVERSION = YES;
				CLANG_WARN_INFINITE_RECURSION = YES;
				CLANG_WARN_INT_CONVERSION = YES;
				CLANG_WARN_NON_LITERAL_NULL_CONVERSION = YES;
				CLANG_WARN_OBJC_IMPLICIT_RETAIN_SELF = YES;
				CLANG_WARN_OBJC_LITERAL_CONVERSION = YES;
				CLANG_WARN_OBJC_ROOT_CLASS = YES_ERROR;
				CLANG_WARN_QUOTED_INCLUDE_IN_FRAMEWORK_HEADER = YES;
				CLANG_WARN_RANGE_LOOP_ANALYSIS = YES;
				CLANG_WARN_STRICT_PROTOTYPES = YES;
				CLANG_WARN_SUSPICIOUS_MOVE = YES;
				CLANG_WARN_UNGUARDED_AVAILABILITY = YES_AGGRESSIVE;
				CLANG_WARN_UNREACHABLE_CODE = YES;
				CLANG_WARN__DUPLICATE_METHOD_MATCH = YES;
				COPY_PHASE_STRIP = NO;
				DEBUG_INFORMATION_FORMAT = "dwarf-with-dsym";
				ENABLE_NS_ASSERTIONS = NO;
				ENABLE_STRICT_OBJC_MSGSEND = YES;
				GCC_C_LANGUAGE_STANDARD = gnu11;
				GCC_NO_COMMON_BLOCKS = YES;
				GCC_WARN_64_TO_32_BIT_CONVERSION = YES;
				GCC_WARN_ABOUT_RETURN_TYPE = YES_ERROR;
				GCC_WARN_UNDECLARED_SELECTOR = YES;
				GCC_WARN_UNINITIALIZED_AUTOS = YES_AGGRESSIVE;
				GCC_WARN_UNUSED_FUNCTION = YES;
				GCC_WARN_UNUSED_VARIABLE = YES;
				IPHONEOS_DEPLOYMENT_TARGET = 15.2;
				MTL_ENABLE_DEBUG_INFO = NO;
				MTL_FAST_MATH = YES;
				SDKROOT = iphoneos;
				SWIFT_COMPILATION_MODE = wholemodule;
				SWIFT_OPTIMIZATION_LEVEL = "-O";
				VALIDATE_PRODUCT = YES;
			};
			name = Release;
		};
		966B875427E9E5DE00C53D66 /* Debug */ = {
			isa = XCBuildConfiguration;
			buildSettings = {
				ASSETCATALOG_COMPILER_APPICON_NAME = AppIcon;
				ASSETCATALOG_COMPILER_GLOBAL_ACCENT_COLOR_NAME = AccentColor;
				CODE_SIGN_STYLE = Automatic;
				CURRENT_PROJECT_VERSION = 1;
				GENERATE_INFOPLIST_FILE = YES;
				INFOPLIST_FILE = GraphQLMultiUrl/Info.plist;
				INFOPLIST_KEY_UIApplicationSupportsIndirectInputEvents = YES;
				INFOPLIST_KEY_UILaunchStoryboardName = LaunchScreen;
				INFOPLIST_KEY_UIMainStoryboardFile = Main;
				INFOPLIST_KEY_UISupportedInterfaceOrientations_iPad = "UIInterfaceOrientationPortrait UIInterfaceOrientationPortraitUpsideDown UIInterfaceOrientationLandscapeLeft UIInterfaceOrientationLandscapeRight";
				INFOPLIST_KEY_UISupportedInterfaceOrientations_iPhone = "UIInterfaceOrientationPortrait UIInterfaceOrientationLandscapeLeft UIInterfaceOrientationLandscapeRight";
				LD_RUNPATH_SEARCH_PATHS = (
					"$(inherited)",
					"@executable_path/Frameworks",
				);
				MARKETING_VERSION = 1.0;
				PRODUCT_BUNDLE_IDENTIFIER = com.honeywell.hce.ForgeBuildings.GraphQLMultiUrl;
				PRODUCT_NAME = "$(TARGET_NAME)";
				SWIFT_EMIT_LOC_STRINGS = YES;
				SWIFT_VERSION = 5.0;
				TARGETED_DEVICE_FAMILY = "1,2";
			};
			name = Debug;
		};
		966B875527E9E5DE00C53D66 /* Release */ = {
			isa = XCBuildConfiguration;
			buildSettings = {
				ASSETCATALOG_COMPILER_APPICON_NAME = AppIcon;
				ASSETCATALOG_COMPILER_GLOBAL_ACCENT_COLOR_NAME = AccentColor;
				CODE_SIGN_STYLE = Automatic;
				CURRENT_PROJECT_VERSION = 1;
				GENERATE_INFOPLIST_FILE = YES;
				INFOPLIST_FILE = GraphQLMultiUrl/Info.plist;
				INFOPLIST_KEY_UIApplicationSupportsIndirectInputEvents = YES;
				INFOPLIST_KEY_UILaunchStoryboardName = LaunchScreen;
				INFOPLIST_KEY_UIMainStoryboardFile = Main;
				INFOPLIST_KEY_UISupportedInterfaceOrientations_iPad = "UIInterfaceOrientationPortrait UIInterfaceOrientationPortraitUpsideDown UIInterfaceOrientationLandscapeLeft UIInterfaceOrientationLandscapeRight";
				INFOPLIST_KEY_UISupportedInterfaceOrientations_iPhone = "UIInterfaceOrientationPortrait UIInterfaceOrientationLandscapeLeft UIInterfaceOrientationLandscapeRight";
				LD_RUNPATH_SEARCH_PATHS = (
					"$(inherited)",
					"@executable_path/Frameworks",
				);
				MARKETING_VERSION = 1.0;
				PRODUCT_BUNDLE_IDENTIFIER = com.honeywell.hce.ForgeBuildings.GraphQLMultiUrl;
				PRODUCT_NAME = "$(TARGET_NAME)";
				SWIFT_EMIT_LOC_STRINGS = YES;
				SWIFT_VERSION = 5.0;
				TARGETED_DEVICE_FAMILY = "1,2";
			};
			name = Release;
		};
/* End XCBuildConfiguration section */

/* Begin XCConfigurationList section */
		966B873A27E9E5D500C53D66 /* Build configuration list for PBXProject "GraphQLMultiUrl" */ = {
			isa = XCConfigurationList;
			buildConfigurations = (
				966B875127E9E5DE00C53D66 /* Debug */,
				966B875227E9E5DE00C53D66 /* Release */,
			);
			defaultConfigurationIsVisible = 0;
			defaultConfigurationName = Release;
		};
		966B875327E9E5DE00C53D66 /* Build configuration list for PBXNativeTarget "GraphQLMultiUrl" */ = {
			isa = XCConfigurationList;
			buildConfigurations = (
				966B875427E9E5DE00C53D66 /* Debug */,
				966B875527E9E5DE00C53D66 /* Release */,
			);
			defaultConfigurationIsVisible = 0;
			defaultConfigurationName = Release;
		};
/* End XCConfigurationList section */

/* Begin XCRemoteSwiftPackageReference section */
		966B877F27EA3D3800C53D66 /* XCRemoteSwiftPackageReference "apollo-ios" */ = {
			isa = XCRemoteSwiftPackageReference;
			repositoryURL = "https://github.com/apollographql/apollo-ios.git";
			requirement = {
				kind = upToNextMajorVersion;
				minimumVersion = 0.9.5;
			};
		};
/* End XCRemoteSwiftPackageReference section */

/* Begin XCSwiftPackageProductDependency section */
		966B878027EA3D3800C53D66 /* Apollo */ = {
			isa = XCSwiftPackageProductDependency;
			package = 966B877F27EA3D3800C53D66 /* XCRemoteSwiftPackageReference "apollo-ios" */;
			productName = Apollo;
		};
		966B878227EA3D3800C53D66 /* ApolloAPI */ = {
			isa = XCSwiftPackageProductDependency;
			package = 966B877F27EA3D3800C53D66 /* XCRemoteSwiftPackageReference "apollo-ios" */;
			productName = ApolloAPI;
		};
		966B878427EA3D3800C53D66 /* ApolloCodegenLib */ = {
			isa = XCSwiftPackageProductDependency;
			package = 966B877F27EA3D3800C53D66 /* XCRemoteSwiftPackageReference "apollo-ios" */;
			productName = ApolloCodegenLib;
		};
		966B878627EA3D3800C53D66 /* ApolloSQLite */ = {
			isa = XCSwiftPackageProductDependency;
			package = 966B877F27EA3D3800C53D66 /* XCRemoteSwiftPackageReference "apollo-ios" */;
			productName = ApolloSQLite;
		};
		966B878827EA3D3800C53D66 /* ApolloUtils */ = {
			isa = XCSwiftPackageProductDependency;
			package = 966B877F27EA3D3800C53D66 /* XCRemoteSwiftPackageReference "apollo-ios" */;
			productName = ApolloUtils;
		};
		966B878A27EA3D3800C53D66 /* ApolloWebSocket */ = {
			isa = XCSwiftPackageProductDependency;
			package = 966B877F27EA3D3800C53D66 /* XCRemoteSwiftPackageReference "apollo-ios" */;
			productName = ApolloWebSocket;
		};
/* End XCSwiftPackageProductDependency section */
	};
	rootObject = 966B873727E9E5D500C53D66 /* Project object */;
}
